
Microsoft Visual Studio Solution File, Format Version 12.00
# Visual Studio Version 17
VisualStudioVersion = 17.8.34309.116
MinimumVisualStudioVersion = 10.0.40219.1
Project("{9A19103F-16F7-4668-BE54-9A1E7A4F7556}") = "TravelStaff", "TravelStaff.csproj", "{D2ABB0B7-FEC9-4822-98E5-7A4231D86D9C}"
EndProject
Project("{9A19103F-16F7-4668-BE54-9A1E7A4F7556}") = "EntityLayer", "..\EntityLayer\EntityLayer.csproj", "{EAAF8CB0-E8CD-402A-866F-0ED9B29D3B14}"
EndProject
Project("{9A19103F-16F7-4668-BE54-9A1E7A4F7556}") = "DataAccessLayer", "..\DataAccessLayer\DataAccessLayer.csproj", "{FDF84F0E-C8BD-42F4-9A9A-03526394CA56}"
EndProject
Project("{9A19103F-16F7-4668-BE54-9A1E7A4F7556}") = "BusinessLayer", "..\BusinessLayer\BusinessLayer.csproj", "{B792BA96-8936-469C-ABF3-D8B745C6DC63}"
EndProject
Project("{FAE04EC0-301F-11D3-BF4B-00C04F79EFBC}") = "TravelStaffAPI", "..\TravelStaffAPI\TravelStaffAPI.csproj", "{51B35F63-4FEB-43DE-8CE8-F66B751289BA}"
EndProject
Global
	GlobalSection(SolutionConfigurationPlatforms) = preSolution
		Debug|Any CPU = Debug|Any CPU
		Release|Any CPU = Release|Any CPU
	EndGlobalSection
	GlobalSection(ProjectConfigurationPlatforms) = postSolution
		{D2ABB0B7-FEC9-4822-98E5-7A4231D86D9C}.Debug|Any CPU.ActiveCfg = Debug|Any CPU
		{D2ABB0B7-FEC9-4822-98E5-7A4231D86D9C}.Debug|Any CPU.Build.0 = Debug|Any CPU
		{D2ABB0B7-FEC9-4822-98E5-7A4231D86D9C}.Release|Any CPU.ActiveCfg = Release|Any CPU
		{D2ABB0B7-FEC9-4822-98E5-7A4231D86D9C}.Release|Any CPU.Build.0 = Release|Any CPU
		{EAAF8CB0-E8CD-402A-866F-0ED9B29D3B14}.Debug|Any CPU.ActiveCfg = Debug|Any CPU
		{EAAF8CB0-E8CD-402A-866F-0ED9B29D3B14}.Debug|Any CPU.Build.0 = Debug|Any CPU
		{EAAF8CB0-E8CD-402A-866F-0ED9B29D3B14}.Release|Any CPU.ActiveCfg = Release|Any CPU
		{EAAF8CB0-E8CD-402A-866F-0ED9B29D3B14}.Release|Any CPU.Build.0 = Release|Any CPU
		{FDF84F0E-C8BD-42F4-9A9A-03526394CA56}.Debug|Any CPU.ActiveCfg = Debug|Any CPU
		{FDF84F0E-C8BD-42F4-9A9A-03526394CA56}.Debug|Any CPU.Build.0 = Debug|Any CPU
		{FDF84F0E-C8BD-42F4-9A9A-03526394CA56}.Release|Any CPU.ActiveCfg = Release|Any CPU
		{FDF84F0E-C8BD-42F4-9A9A-03526394CA56}.Release|Any CPU.Build.0 = Release|Any CPU
		{B792BA96-8936-469C-ABF3-D8B745C6DC63}.Debug|Any CPU.ActiveCfg = Debug|Any CPU
		{B792BA96-8936-469C-ABF3-D8B745C6DC63}.Debug|Any CPU.Build.0 = Debug|Any CPU
		{B792BA96-8936-469C-ABF3-D8B745C6DC63}.Release|Any CPU.ActiveCfg = Release|Any CPU
		{B792BA96-8936-469C-ABF3-D8B745C6DC63}.Release|Any CPU.Build.0 = Release|Any CPU
		{51B35F63-4FEB-43DE-8CE8-F66B751289BA}.Debug|Any CPU.ActiveCfg = Debug|Any CPU
		{51B35F63-4FEB-43DE-8CE8-F66B751289BA}.Debug|Any CPU.Build.0 = Debug|Any CPU
		{51B35F63-4FEB-43DE-8CE8-F66B751289BA}.Release|Any CPU.ActiveCfg = Release|Any CPU
		{51B35F63-4FEB-43DE-8CE8-F66B751289BA}.Release|Any CPU.Build.0 = Release|Any CPU
	EndGlobalSection
	GlobalSection(SolutionProperties) = preSolution
		HideSolutionNode = FALSE
	EndGlobalSection
	GlobalSection(ExtensibilityGlobals) = postSolution
		SolutionGuid = {143D6F27-66C5-410D-8DBB-0DF2DE092B86}
	EndGlobalSection
EndGlobal
